
Microsoft Visual Studio Solution File, Format Version 12.00
# Visual Studio Version 17
VisualStudioVersion = 17.8.34330.188
MinimumVisualStudioVersion = 10.0.40219.1
Project("{FAE04EC0-301F-11D3-BF4B-00C04F79EFBC}") = "WpfAppSQL", "WpfAppSQL\WpfAppSQL.csproj", "{B363D44D-DDB1-4B5F-BCFA-142C09ADE879}"
EndProject
Project("{FAE04EC0-301F-11D3-BF4B-00C04F79EFBC}") = "WpfAppSQL2", "WpfAppSQL2\WpfAppSQL2.csproj", "{F856F96E-6545-4CA2-B5E1-E2B542D46164}"
EndProject
Project("{FAE04EC0-301F-11D3-BF4B-00C04F79EFBC}") = "WpfAppSQL3", "WpfAppSQL3\WpfAppSQL3.csproj", "{83699659-7197-4EAD-AEAA-306133C1521B}"
EndProject
Project("{FAE04EC0-301F-11D3-BF4B-00C04F79EFBC}") = "WpfAppSQL4", "WpfAppSQL4\WpfAppSQL4.csproj", "{6A59E073-AF11-4931-978A-51787BDC6E27}"
EndProject
Project("{FAE04EC0-301F-11D3-BF4B-00C04F79EFBC}") = "ConsoleAppSQL7", "ConsoleAppSQL7\ConsoleAppSQL7.csproj", "{350741A4-F2A9-458C-AE45-CBD8EB7274CD}"
EndProject
Project("{FAE04EC0-301F-11D3-BF4B-00C04F79EFBC}") = "WpfAppSQL8", "WpfAppSQL8\WpfAppSQL8.csproj", "{905A8D82-EBFC-4DEF-841B-A08943124C41}"
EndProject
Project("{FAE04EC0-301F-11D3-BF4B-00C04F79EFBC}") = "WpfAppSQL9", "WpfAppSQL9\WpfAppSQL9.csproj", "{0788EB3F-E070-4BB9-BBA6-C01708D56818}"
EndProject
Project("{FAE04EC0-301F-11D3-BF4B-00C04F79EFBC}") = "WpfAppSQL5", "WpfAppSQL5\WpfAppSQL5.csproj", "{B382AF4D-47E1-4BB2-8684-C1F8E6F632CA}"
EndProject
Project("{FAE04EC0-301F-11D3-BF4B-00C04F79EFBC}") = "WpfAppSQL6", "WpfAppSQL6\WpfAppSQL6.csproj", "{83455ACE-2D1E-4262-8B04-8EE831A3FC66}"
EndProject
Global
	GlobalSection(SolutionConfigurationPlatforms) = preSolution
		Debug|Any CPU = Debug|Any CPU
		Release|Any CPU = Release|Any CPU
	EndGlobalSection
	GlobalSection(ProjectConfigurationPlatforms) = postSolution
		{B363D44D-DDB1-4B5F-BCFA-142C09ADE879}.Debug|Any CPU.ActiveCfg = Debug|Any CPU
		{B363D44D-DDB1-4B5F-BCFA-142C09ADE879}.Debug|Any CPU.Build.0 = Debug|Any CPU
		{B363D44D-DDB1-4B5F-BCFA-142C09ADE879}.Release|Any CPU.ActiveCfg = Release|Any CPU
		{B363D44D-DDB1-4B5F-BCFA-142C09ADE879}.Release|Any CPU.Build.0 = Release|Any CPU
		{F856F96E-6545-4CA2-B5E1-E2B542D46164}.Debug|Any CPU.ActiveCfg = Debug|Any CPU
		{F856F96E-6545-4CA2-B5E1-E2B542D46164}.Debug|Any CPU.Build.0 = Debug|Any CPU
		{F856F96E-6545-4CA2-B5E1-E2B542D46164}.Release|Any CPU.ActiveCfg = Release|Any CPU
		{F856F96E-6545-4CA2-B5E1-E2B542D46164}.Release|Any CPU.Build.0 = Release|Any CPU
		{83699659-7197-4EAD-AEAA-306133C1521B}.Debug|Any CPU.ActiveCfg = Debug|Any CPU
		{83699659-7197-4EAD-AEAA-306133C1521B}.Debug|Any CPU.Build.0 = Debug|Any CPU
		{83699659-7197-4EAD-AEAA-306133C1521B}.Release|Any CPU.ActiveCfg = Release|Any CPU
		{83699659-7197-4EAD-AEAA-306133C1521B}.Release|Any CPU.Build.0 = Release|Any CPU
		{6A59E073-AF11-4931-978A-51787BDC6E27}.Debug|Any CPU.ActiveCfg = Debug|Any CPU
		{6A59E073-AF11-4931-978A-51787BDC6E27}.Debug|Any CPU.Build.0 = Debug|Any CPU
		{6A59E073-AF11-4931-978A-51787BDC6E27}.Release|Any CPU.ActiveCfg = Release|Any CPU
		{6A59E073-AF11-4931-978A-51787BDC6E27}.Release|Any CPU.Build.0 = Release|Any CPU
		{350741A4-F2A9-458C-AE45-CBD8EB7274CD}.Debug|Any CPU.ActiveCfg = Debug|Any CPU
		{350741A4-F2A9-458C-AE45-CBD8EB7274CD}.Debug|Any CPU.Build.0 = Debug|Any CPU
		{350741A4-F2A9-458C-AE45-CBD8EB7274CD}.Release|Any CPU.ActiveCfg = Release|Any CPU
		{350741A4-F2A9-458C-AE45-CBD8EB7274CD}.Release|Any CPU.Build.0 = Release|Any CPU
		{905A8D82-EBFC-4DEF-841B-A08943124C41}.Debug|Any CPU.ActiveCfg = Debug|Any CPU
		{905A8D82-EBFC-4DEF-841B-A08943124C41}.Debug|Any CPU.Build.0 = Debug|Any CPU
		{905A8D82-EBFC-4DEF-841B-A08943124C41}.Release|Any CPU.ActiveCfg = Release|Any CPU
		{905A8D82-EBFC-4DEF-841B-A08943124C41}.Release|Any CPU.Build.0 = Release|Any CPU
		{0788EB3F-E070-4BB9-BBA6-C01708D56818}.Debug|Any CPU.ActiveCfg = Debug|Any CPU
		{0788EB3F-E070-4BB9-BBA6-C01708D56818}.Debug|Any CPU.Build.0 = Debug|Any CPU
		{0788EB3F-E070-4BB9-BBA6-C01708D56818}.Release|Any CPU.ActiveCfg = Release|Any CPU
		{0788EB3F-E070-4BB9-BBA6-C01708D56818}.Release|Any CPU.Build.0 = Release|Any CPU
		{B382AF4D-47E1-4BB2-8684-C1F8E6F632CA}.Debug|Any CPU.ActiveCfg = Debug|Any CPU
		{B382AF4D-47E1-4BB2-8684-C1F8E6F632CA}.Debug|Any CPU.Build.0 = Debug|Any CPU
		{B382AF4D-47E1-4BB2-8684-C1F8E6F632CA}.Release|Any CPU.ActiveCfg = Release|Any CPU
		{B382AF4D-47E1-4BB2-8684-C1F8E6F632CA}.Release|Any CPU.Build.0 = Release|Any CPU
		{83455ACE-2D1E-4262-8B04-8EE831A3FC66}.Debug|Any CPU.ActiveCfg = Debug|Any CPU
		{83455ACE-2D1E-4262-8B04-8EE831A3FC66}.Debug|Any CPU.Build.0 = Debug|Any CPU
		{83455ACE-2D1E-4262-8B04-8EE831A3FC66}.Release|Any CPU.ActiveCfg = Release|Any CPU
		{83455ACE-2D1E-4262-8B04-8EE831A3FC66}.Release|Any CPU.Build.0 = Release|Any CPU
	EndGlobalSection
	GlobalSection(SolutionProperties) = preSolution
		HideSolutionNode = FALSE
	EndGlobalSection
	GlobalSection(ExtensibilityGlobals) = postSolution
		SolutionGuid = {1EA7A8D2-499A-4F77-B3A7-D3483F537ED7}
	EndGlobalSection
EndGlobal
